
Microsoft Visual Studio Solution File, Format Version 12.00
# Visual Studio 15
VisualStudioVersion = 15.0.28010.2046
MinimumVisualStudioVersion = 10.0.40219.1
Project("{8BC9CEB8-8B4A-11D0-8D11-00A0C91BC942}") = "graphikaNURABOTAI", "graphikaNURABOTAI\graphikaNURABOTAI.vcxproj", "{5D26AF99-8AB1-4DDA-9BBB-5260E902E34A}"
EndProject
Global
	GlobalSection(SolutionConfigurationPlatforms) = preSolution
		Debug|x64 = Debug|x64
		Debug|x86 = Debug|x86
		Release|x64 = Release|x64
		Release|x86 = Release|x86
	EndGlobalSection
	GlobalSection(ProjectConfigurationPlatforms) = postSolution
		{5D26AF99-8AB1-4DDA-9BBB-5260E902E34A}.Debug|x64.ActiveCfg = Debug|x64
		{5D26AF99-8AB1-4DDA-9BBB-5260E902E34A}.Debug|x64.Build.0 = Debug|x64
		{5D26AF99-8AB1-4DDA-9BBB-5260E902E34A}.Debug|x86.ActiveCfg = Debug|Win32
		{5D26AF99-8AB1-4DDA-9BBB-5260E902E34A}.Debug|x86.Build.0 = Debug|Win32
		{5D26AF99-8AB1-4DDA-9BBB-5260E902E34A}.Release|x64.ActiveCfg = Release|x64
		{5D26AF99-8AB1-4DDA-9BBB-5260E902E34A}.Release|x64.Build.0 = Release|x64
		{5D26AF99-8AB1-4DDA-9BBB-5260E902E34A}.Release|x86.ActiveCfg = Release|Win32
		{5D26AF99-8AB1-4DDA-9BBB-5260E902E34A}.Release|x86.Build.0 = Release|Win32
	EndGlobalSection
	GlobalSection(SolutionProperties) = preSolution
		HideSolutionNode = FALSE
	EndGlobalSection
	GlobalSection(ExtensibilityGlobals) = postSolution
		SolutionGuid = {7FDB5323-F36E-43D3-BA71-36E857057F0E}
	EndGlobalSection
EndGlobal
